{
  "pins" : [
    {
      "identity" : "appsflyerframework-static",
      "kind" : "remoteSourceControl",
      "location" : "https://github.com/AppsFlyerSDK/AppsFlyerFramework-Static.git",
      "state" : {
        "revision" : "8b763045b2a788e3fd59f1bde7b74d130286da27",
        "version" : "6.18.1"
      }
    },
    {
      "identity" : "nexus-sdk-ios",
      "kind" : "remoteSourceControl",
      "location" : "https://github.com/harden-l/nexus-sdk-ios.git",
      "state" : {
        "revision" : "ebfec230334af6601d5672ba0e33764857155111",
        "version" : "0.0.12"
      }
    }
  ],
  "version" : 2
}
